// !$*UTF8*$!
{
	archiveVersion = 1;
	classes = {
	};
	objectVersion = 46;
	objects = {

/* Begin PBXBuildFile section */
		8C0A345D19C8A6F0005C98FC /* AppDelegate.swift in Sources */ = {isa = PBXBuildFile; fileRef = 8C0A345C19C8A6F0005C98FC /* AppDelegate.swift */; };
		8C0A345F19C8A6F0005C98FC /* ViewController.swift in Sources */ = {isa = PBXBuildFile; fileRef = 8C0A345E19C8A6F0005C98FC /* ViewController.swift */; };
		8C0A346219C8A6F0005C98FC /* Main.storyboard in Resources */ = {isa = PBXBuildFile; fileRef = 8C0A346019C8A6F0005C98FC /* Main.storyboard */; };
		8C0A346419C8A6F0005C98FC /* Images.xcassets in Resources */ = {isa = PBXBuildFile; fileRef = 8C0A346319C8A6F0005C98FC /* Images.xcassets */; };
		8C0A346719C8A6F0005C98FC /* LaunchScreen.xib in Resources */ = {isa = PBXBuildFile; fileRef = 8C0A346519C8A6F0005C98FC /* LaunchScreen.xib */; };
		8C0A347319C8A6F0005C98FC /* PostcardTests.swift in Sources */ = {isa = PBXBuildFile; fileRef = 8C0A347219C8A6F0005C98FC /* PostcardTests.swift */; };
/* End PBXBuildFile section */

/* Begin PBXContainerItemProxy section */
		8C0A346D19C8A6F0005C98FC /* PBXContainerItemProxy */ = {
			isa = PBXContainerItemProxy;
			containerPortal = 8C0A344F19C8A6F0005C98FC /* Project object */;
			proxyType = 1;
			remoteGlobalIDString = 8C0A345619C8A6F0005C98FC;
			remoteInfo = Postcard;
		};
/* End PBXContainerItemProxy section */

/* Begin PBXFileReference section */
		8C0A345719C8A6F0005C98FC /* Postcard.app */ = {isa = PBXFileReference; explicitFileType = wrapper.application; includeInIndex = 0; path = Postcard.app; sourceTree = BUILT_PRODUCTS_DIR; };
		8C0A345B19C8A6F0005C98FC /* Info.plist */ = {isa = PBXFileReference; lastKnownFileType = text.plist.xml; path = Info.plist; sourceTree = "<group>"; };
		8C0A345C19C8A6F0005C98FC /* AppDelegate.swift */ = {isa = PBXFileReference; lastKnownFileType = sourcecode.swift; path = AppDelegate.swift; sourceTree = "<group>"; };
		8C0A345E19C8A6F0005C98FC /* ViewController.swift */ = {isa = PBXFileReference; lastKnownFileType = sourcecode.swift; path = ViewController.swift; sourceTree = "<group>"; };
		8C0A346119C8A6F0005C98FC /* Base */ = {isa = PBXFileReference; lastKnownFileType = file.storyboard; name = Base; path = Base.lproj/Main.storyboard; sourceTree = "<group>"; };
		8C0A346319C8A6F0005C98FC /* Images.xcassets */ = {isa = PBXFileReference; lastKnownFileType = folder.assetcatalog; path = Images.xcassets; sourceTree = "<group>"; };
		8C0A346619C8A6F0005C98FC /* Base */ = {isa = PBXFileReference; lastKnownFileType = file.xib; name = Base; path = Base.lproj/LaunchScreen.xib; sourceTree = "<group>"; };
		8C0A346C19C8A6F0005C98FC /* PostcardTests.xctest */ = {isa = PBXFileReference; explicitFileType = wrapper.cfbundle; includeInIndex = 0; path = PostcardTests.xctest; sourceTree = BUILT_PRODUCTS_DIR; };
		8C0A347119C8A6F0005C98FC /* Info.plist */ = {isa = PBXFileReference; lastKnownFileType = text.plist.xml; path = Info.plist; sourceTree = "<group>"; };
		8C0A347219C8A6F0005C98FC /* PostcardTests.swift */ = {isa = PBXFileReference; lastKnownFileType = sourcecode.swift; path = PostcardTests.swift; sourceTree = "<group>"; };
/* End PBXFileReference section */

/* Begin PBXFrameworksBuildPhase section */
		8C0A345419C8A6F0005C98FC /* Frameworks */ = {
			isa = PBXFrameworksBuildPhase;
			buildActionMask = 2147483647;
			files = (
			);
			runOnlyForDeploymentPostprocessing = 0;
		};
		8C0A346919C8A6F0005C98FC /* Frameworks */ = {
			isa = PBXFrameworksBuildPhase;
			buildActionMask = 2147483647;
			files = (
			);
			runOnlyForDeploymentPostprocessing = 0;
		};
/* End PBXFrameworksBuildPhase section */

/* Begin PBXGroup section */
		8C0A344E19C8A6F0005C98FC = {
			isa = PBXGroup;
			children = (
				8C0A345919C8A6F0005C98FC /* Postcard */,
				8C0A346F19C8A6F0005C98FC /* PostcardTests */,
				8C0A345819C8A6F0005C98FC /* Products */,
			);
			sourceTree = "<group>";
		};
		8C0A345819C8A6F0005C98FC /* Products */ = {
			isa = PBXGroup;
			children = (
				8C0A345719C8A6F0005C98FC /* Postcard.app */,
				8C0A346C19C8A6F0005C98FC /* PostcardTests.xctest */,
			);
			name = Products;
			sourceTree = "<group>";
		};
		8C0A345919C8A6F0005C98FC /* Postcard */ = {
			isa = PBXGroup;
			children = (
				8C0A345C19C8A6F0005C98FC /* AppDelegate.swift */,
				8C0A345E19C8A6F0005C98FC /* ViewController.swift */,
				8C0A346019C8A6F0005C98FC /* Main.storyboard */,
				8C0A346319C8A6F0005C98FC /* Images.xcassets */,
				8C0A346519C8A6F0005C98FC /* LaunchScreen.xib */,
				8C0A345A19C8A6F0005C98FC /* Supporting Files */,
			);
			path = Postcard;
			sourceTree = "<group>";
		};
		8C0A345A19C8A6F0005C98FC /* Supporting Files */ = {
			isa = PBXGroup;
			children = (
				8C0A345B19C8A6F0005C98FC /* Info.plist */,
			);
			name = "Supporting Files";
			sourceTree = "<group>";
		};
		8C0A346F19C8A6F0005C98FC /* PostcardTests */ = {
			isa = PBXGroup;
			children = (
				8C0A347219C8A6F0005C98FC /* PostcardTests.swift */,
				8C0A347019C8A6F0005C98FC /* Supporting Files */,
			);
			path = PostcardTests;
			sourceTree = "<group>";
		};
		8C0A347019C8A6F0005C98FC /* Supporting Files */ = {
			isa = PBXGroup;
			children = (
				8C0A347119C8A6F0005C98FC /* Info.plist */,
			);
			name = "Supporting Files";
			sourceTree = "<group>";
		};
/* End PBXGroup section */

/* Begin PBXNativeTarget section */
		8C0A345619C8A6F0005C98FC /* Postcard */ = {
			isa = PBXNativeTarget;
			buildConfigurationList = 8C0A347619C8A6F0005C98FC /* Build configuration list for PBXNativeTarget "Postcard" */;
			buildPhases = (
				8C0A345319C8A6F0005C98FC /* Sources */,
				8C0A345419C8A6F0005C98FC /* Frameworks */,
				8C0A345519C8A6F0005C98FC /* Resources */,
			);
			buildRules = (
			);
			dependencies = (
			);
			name = Postcard;
			productName = Postcard;
			productReference = 8C0A345719C8A6F0005C98FC /* Postcard.app */;
			productType = "com.apple.product-type.application";
		};
		8C0A346B19C8A6F0005C98FC /* PostcardTests */ = {
			isa = PBXNativeTarget;
			buildConfigurationList = 8C0A347919C8A6F0005C98FC /* Build configuration list for PBXNativeTarget "PostcardTests" */;
			buildPhases = (
				8C0A346819C8A6F0005C98FC /* Sources */,
				8C0A346919C8A6F0005C98FC /* Frameworks */,
				8C0A346A19C8A6F0005C98FC /* Resources */,
			);
			buildRules = (
			);
			dependencies = (
				8C0A346E19C8A6F0005C98FC /* PBXTargetDependency */,
			);
			name = PostcardTests;
			productName = PostcardTests;
			productReference = 8C0A346C19C8A6F0005C98FC /* PostcardTests.xctest */;
			productType = "com.apple.product-type.bundle.unit-test";
		};
/* End PBXNativeTarget section */

/* Begin PBXProject section */
		8C0A344F19C8A6F0005C98FC /* Project object */ = {
			isa = PBXProject;
			attributes = {
				LastUpgradeCheck = 0600;
				ORGANIZATIONNAME = Comverge;
				TargetAttributes = {
					8C0A345619C8A6F0005C98FC = {
						CreatedOnToolsVersion = 6.1;
					};
					8C0A346B19C8A6F0005C98FC = {
						CreatedOnToolsVersion = 6.1;
						TestTargetID = 8C0A345619C8A6F0005C98FC;
					};
				};
			};
			buildConfigurationList = 8C0A345219C8A6F0005C98FC /* Build configuration list for PBXProject "Postcard" */;
			compatibilityVersion = "Xcode 3.2";
			developmentRegion = English;
			hasScannedForEncodings = 0;
			knownRegions = (
				en,
				Base,
			);
			mainGroup = 8C0A344E19C8A6F0005C98FC;
			productRefGroup = 8C0A345819C8A6F0005C98FC /* Products */;
			projectDirPath = "";
			projectRoot = "";
			targets = (
				8C0A345619C8A6F0005C98FC /* Postcard */,
				8C0A346B19C8A6F0005C98FC /* PostcardTests */,
			);
		};
/* End PBXProject section */

/* Begin PBXResourcesBuildPhase section */
		8C0A345519C8A6F0005C98FC /* Resources */ = {
			isa = PBXResourcesBuildPhase;
			buildActionMask = 2147483647;
			files = (
				8C0A346219C8A6F0005C98FC /* Main.storyboard in Resources */,
				8C0A346719C8A6F0005C98FC /* LaunchScreen.xib in Resources */,
				8C0A346419C8A6F0005C98FC /* Images.xcassets in Resources */,
			);
			runOnlyForDeploymentPostprocessing = 0;
		};
		8C0A346A19C8A6F0005C98FC /* Resources */ = {
			isa = PBXResourcesBuildPhase;
			buildActionMask = 2147483647;
			files = (
			);
			runOnlyForDeploymentPostprocessing = 0;
		};
/* End PBXResourcesBuildPhase section */

/* Begin PBXSourcesBuildPhase section */
		8C0A345319C8A6F0005C98FC /* Sources */ = {
			isa = PBXSourcesBuildPhase;
			buildActionMask = 2147483647;
			files = (
				8C0A345F19C8A6F0005C98FC /* ViewController.swift in Sources */,
				8C0A345D19C8A6F0005C98FC /* AppDelegate.swift in Sources */,
			);
			runOnlyForDeploymentPostprocessing = 0;
		};
		8C0A346819C8A6F0005C98FC /* Sources */ = {
			isa = PBXSourcesBuildPhase;
			buildActionMask = 2147483647;
			files = (
				8C0A347319C8A6F0005C98FC /* PostcardTests.swift in Sources */,
			);
			runOnlyForDeploymentPostprocessing = 0;
		};
/* End PBXSourcesBuildPhase section */

/* Begin PBXTargetDependency section */
		8C0A346E19C8A6F0005C98FC /* PBXTargetDependency */ = {
			isa = PBXTargetDependency;
			target = 8C0A345619C8A6F0005C98FC /* Postcard */;
			targetProxy = 8C0A346D19C8A6F0005C98FC /* PBXContainerItemProxy */;
		};
/* End PBXTargetDependency section */

/* Begin PBXVariantGroup section */
		8C0A346019C8A6F0005C98FC /* Main.storyboard */ = {
			isa = PBXVariantGroup;
			children = (
				8C0A346119C8A6F0005C98FC /* Base */,
			);
			name = Main.storyboard;
			sourceTree = "<group>";
		};
		8C0A346519C8A6F0005C98FC /* LaunchScreen.xib */ = {
			isa = PBXVariantGroup;
			children = (
				8C0A346619C8A6F0005C98FC /* Base */,
			);
			name = LaunchScreen.xib;
			sourceTree = "<group>";
		};
/* End PBXVariantGroup section */

/* Begin XCBuildConfiguration section */
		8C0A347419C8A6F0005C98FC /* Debug */ = {
			isa = XCBuildConfiguration;
			buildSettings = {
				ALWAYS_SEARCH_USER_PATHS = NO;
				CLANG_CXX_LANGUAGE_STANDARD = "gnu++0x";
				CLANG_CXX_LIBRARY = "libc++";
				CLANG_ENABLE_MODULES = YES;
				CLANG_ENABLE_OBJC_ARC = YES;
				CLANG_WARN_BOOL_CONVERSION = YES;
				CLANG_WARN_CONSTANT_CONVERSION = YES;
				CLANG_WARN_DIRECT_OBJC_ISA_USAGE = YES_ERROR;
				CLANG_WARN_EMPTY_BODY = YES;
				CLANG_WARN_ENUM_CONVERSION = YES;
				CLANG_WARN_INT_CONVERSION = YES;
				CLANG_WARN_OBJC_ROOT_CLASS = YES_ERROR;
				CLANG_WARN_UNREACHABLE_CODE = YES;
				CLANG_WARN__DUPLICATE_METHOD_MATCH = YES;
				"CODE_SIGN_IDENTITY[sdk=iphoneos*]" = "iPhone Developer";
				COPY_PHASE_STRIP = NO;
				ENABLE_STRICT_OBJC_MSGSEND = YES;
				GCC_C_LANGUAGE_STANDARD = gnu99;
				GCC_DYNAMIC_NO_PIC = NO;
				GCC_OPTIMIZATION_LEVEL = 0;
				GCC_PREPROCESSOR_DEFINITIONS = (
					"DEBUG=1",
					"$(inherited)",
				);
				GCC_SYMBOLS_PRIVATE_EXTERN = NO;
				GCC_WARN_64_TO_32_BIT_CONVERSION = YES;
				GCC_WARN_ABOUT_RETURN_TYPE = YES_ERROR;
				GCC_WARN_UNDECLARED_SELECTOR = YES;
				GCC_WARN_UNINITIALIZED_AUTOS = YES_AGGRESSIVE;
				GCC_WARN_UNUSED_FUNCTION = YES;
				GCC_WARN_UNUSED_VARIABLE = YES;
				IPHONEOS_DEPLOYMENT_TARGET = 8.0;
				MTL_ENABLE_DEBUG_INFO = YES;
				ONLY_ACTIVE_ARCH = YES;
				SDKROOT = iphoneos;
				SWIFT_OPTIMIZATION_LEVEL = "-Onone";
			};
			name = Debug;
		};
		8C0A347519C8A6F0005C98FC /* Release */ = {
			isa = XCBuildConfiguration;
			buildSettings = {
				ALWAYS_SEARCH_USER_PATHS = NO;
				CLANG_CXX_LANGUAGE_STANDARD = "gnu++0x";
				CLANG_CXX_LIBRARY = "libc++";
				CLANG_ENABLE_MODULES = YES;
				CLANG_ENABLE_OBJC_ARC = YES;
				CLANG_WARN_BOOL_CONVERSION = YES;
				CLANG_WARN_CONSTANT_CONVERSION = YES;
				CLANG_WARN_DIRECT_OBJC_ISA_USAGE = YES_ERROR;
				CLANG_WARN_EMPTY_BODY = YES;
				CLANG_WARN_ENUM_CONVERSION = YES;
				CLANG_WARN_INT_CONVERSION = YES;
				CLANG_WARN_OBJC_ROOT_CLASS = YES_ERROR;
				CLANG_WARN_UNREACHABLE_CODE = YES;
				CLANG_WARN__DUPLICATE_METHOD_MATCH = YES;
				"CODE_SIGN_IDENTITY[sdk=iphoneos*]" = "iPhone Developer";
				COPY_PHASE_STRIP = YES;
				ENABLE_NS_ASSERTIONS = NO;
				ENABLE_STRICT_OBJC_MSGSEND = YES;
				GCC_C_LANGUAGE_STANDARD = gnu99;
				GCC_WARN_64_TO_32_BIT_CONVERSION = YES;
				GCC_WARN_ABOUT_RETURN_TYPE = YES_ERROR;
				GCC_WARN_UNDECLARED_SELECTOR = YES;
				GCC_WARN_UNINITIALIZED_AUTOS = YES_AGGRESSIVE;
				GCC_WARN_UNUSED_FUNCTION = YES;
				GCC_WARN_UNUSED_VARIABLE = YES;
				IPHONEOS_DEPLOYMENT_TARGET = 8.0;
				MTL_ENABLE_DEBUG_INFO = NO;
				SDKROOT = iphoneos;
				VALIDATE_PRODUCT = YES;
			};
			name = Release;
		};
		8C0A347719C8A6F0005C98FC /* Debug */ = {
			isa = XCBuildConfiguration;
			buildSettings = {
				ASSETCATALOG_COMPILER_APPICON_NAME = AppIcon;
				INFOPLIST_FILE = Postcard/Info.plist;
				LD_RUNPATH_SEARCH_PATHS = "$(inherited) @executable_path/Frameworks";
				PRODUCT_NAME = "$(TARGET_NAME)";
			};
			name = Debug;
		};
		8C0A347819C8A6F0005C98FC /* Release */ = {
			isa = XCBuildConfiguration;
			buildSettings = {
				ASSETCATALOG_COMPILER_APPICON_NAME = AppIcon;
				INFOPLIST_FILE = Postcard/Info.plist;
				LD_RUNPATH_SEARCH_PATHS = "$(inherited) @executable_path/Frameworks";
				PRODUCT_NAME = "$(TARGET_NAME)";
			};
			name = Release;
		};
		8C0A347A19C8A6F0005C98FC /* Debug */ = {
			isa = XCBuildConfiguration;
			buildSettings = {
				BUNDLE_LOADER = "$(TEST_HOST)";
				FRAMEWORK_SEARCH_PATHS = (
					"$(SDKROOT)/Developer/Library/Frameworks",
					"$(inherited)",
				);
				GCC_PREPROCESSOR_DEFINITIONS = (
					"DEBUG=1",
					"$(inherited)",
				);
				INFOPLIST_FILE = PostcardTests/Info.plist;
				LD_RUNPATH_SEARCH_PATHS = "$(inherited) @executable_path/Frameworks @loader_path/Frameworks";
				PRODUCT_NAME = "$(TARGET_NAME)";
				TEST_HOST = "$(BUILT_PRODUCTS_DIR)/Postcard.app/Postcard";
			};
			name = Debug;
		};
		8C0A347B19C8A6F0005C98FC /* Release */ = {
			isa = XCBuildConfiguration;
			buildSettings = {
				BUNDLE_LOADER = "$(TEST_HOST)";
				FRAMEWORK_SEARCH_PATHS = (
					"$(SDKROOT)/Developer/Library/Frameworks",
					"$(inherited)",
				);
				INFOPLIST_FILE = PostcardTests/Info.plist;
				LD_RUNPATH_SEARCH_PATHS = "$(inherited) @executable_path/Frameworks @loader_path/Frameworks";
				PRODUCT_NAME = "$(TARGET_NAME)";
				TEST_HOST = "$(BUILT_PRODUCTS_DIR)/Postcard.app/Postcard";
			};
			name = Release;
		};
/* End XCBuildConfiguration section */

/* Begin XCConfigurationList section */
		8C0A345219C8A6F0005C98FC /* Build configuration list for PBXProject "Postcard" */ = {
			isa = XCConfigurationList;
			buildConfigurations = (
				8C0A347419C8A6F0005C98FC /* Debug */,
				8C0A347519C8A6F0005C98FC /* Release */,
			);
			defaultConfigurationIsVisible = 0;
			defaultConfigurationName = Release;
		};
		8C0A347619C8A6F0005C98FC /* Build configuration list for PBXNativeTarget "Postcard" */ = {
			isa = XCConfigurationList;
			buildConfigurations = (
				8C0A347719C8A6F0005C98FC /* Debug */,
				8C0A347819C8A6F0005C98FC /* Release */,
			);
			defaultConfigurationIsVisible = 0;
		};
		8C0A347919C8A6F0005C98FC /* Build configuration list for PBXNativeTarget "PostcardTests" */ = {
			isa = XCConfigurationList;
			buildConfigurations = (
				8C0A347A19C8A6F0005C98FC /* Debug */,
				8C0A347B19C8A6F0005C98FC /* Release */,
			);
			defaultConfigurationIsVisible = 0;
		};
/* End XCConfigurationList section */
	};
	rootObject = 8C0A344F19C8A6F0005C98FC /* Project object */;
}
